
Microsoft Visual Studio Solution File, Format Version 12.00
# Visual Studio Version 17
VisualStudioVersion = 17.7.34221.43
MinimumVisualStudioVersion = 10.0.40219.1
Project("{FAE04EC0-301F-11D3-BF4B-00C04F79EFBC}") = "GetPropertyData", "GetPropertyData\GetPropertyData.csproj", "{AD238721-16ED-481B-8621-D7AE3A65D11C}"
EndProject
Global
	GlobalSection(SolutionConfigurationPlatforms) = preSolution
		Debug|Any CPU = Debug|Any CPU
		Release|Any CPU = Release|Any CPU
	EndGlobalSection
	GlobalSection(ProjectConfigurationPlatforms) = postSolution
		{AD238721-16ED-481B-8621-D7AE3A65D11C}.Debug|Any CPU.ActiveCfg = Debug|Any CPU
		{AD238721-16ED-481B-8621-D7AE3A65D11C}.Debug|Any CPU.Build.0 = Debug|Any CPU
		{AD238721-16ED-481B-8621-D7AE3A65D11C}.Release|Any CPU.ActiveCfg = Release|Any CPU
		{AD238721-16ED-481B-8621-D7AE3A65D11C}.Release|Any CPU.Build.0 = Release|Any CPU
	EndGlobalSection
	GlobalSection(SolutionProperties) = preSolution
		HideSolutionNode = FALSE
	EndGlobalSection
	GlobalSection(ExtensibilityGlobals) = postSolution
		SolutionGuid = {1F029208-4F05-4D7A-9B27-FAE95768900C}
	EndGlobalSection
EndGlobal
